
Microsoft Visual Studio Solution File, Format Version 12.00
# Visual Studio 2013
VisualStudioVersion = 12.0.31101.0
MinimumVisualStudioVersion = 10.0.40219.1
Project("{FAE04EC0-301F-11D3-BF4B-00C04F79EFBC}") = "Monthlybills", "Monthlybills\Monthlybills.csproj", "{BF3BB3F2-5897-4234-84DA-2C8BF29BAB85}"
EndProject
Project("{FAE04EC0-301F-11D3-BF4B-00C04F79EFBC}") = "DatalayerMonthlyBills", "DatalayerMonthlyBills\DatalayerMonthlyBills.csproj", "{4F1FC776-35C7-41EE-8E82-A956DCB2A935}"
EndProject
Global
	GlobalSection(SolutionConfigurationPlatforms) = preSolution
		Debug|Any CPU = Debug|Any CPU
		Release|Any CPU = Release|Any CPU
	EndGlobalSection
	GlobalSection(ProjectConfigurationPlatforms) = postSolution
		{BF3BB3F2-5897-4234-84DA-2C8BF29BAB85}.Debug|Any CPU.ActiveCfg = Debug|Any CPU
		{BF3BB3F2-5897-4234-84DA-2C8BF29BAB85}.Debug|Any CPU.Build.0 = Debug|Any CPU
		{BF3BB3F2-5897-4234-84DA-2C8BF29BAB85}.Release|Any CPU.ActiveCfg = Release|Any CPU
		{BF3BB3F2-5897-4234-84DA-2C8BF29BAB85}.Release|Any CPU.Build.0 = Release|Any CPU
		{4F1FC776-35C7-41EE-8E82-A956DCB2A935}.Debug|Any CPU.ActiveCfg = Debug|Any CPU
		{4F1FC776-35C7-41EE-8E82-A956DCB2A935}.Debug|Any CPU.Build.0 = Debug|Any CPU
		{4F1FC776-35C7-41EE-8E82-A956DCB2A935}.Release|Any CPU.ActiveCfg = Release|Any CPU
		{4F1FC776-35C7-41EE-8E82-A956DCB2A935}.Release|Any CPU.Build.0 = Release|Any CPU
	EndGlobalSection
	GlobalSection(SolutionProperties) = preSolution
		HideSolutionNode = FALSE
	EndGlobalSection
EndGlobal
